
Microsoft Visual Studio Solution File, Format Version 12.00
Project("{FAE04EC0-301F-11D3-BF4B-00C04F79EFBC}") = "ProjectTrack.API", "ProjectTrack.API\ProjectTrack.API.csproj", "{2749EDFE-BBC9-4454-9B8F-16E430CB6610}"
EndProject
Project("{FAE04EC0-301F-11D3-BF4B-00C04F79EFBC}") = "ProjectTrack.Application", "ProjectTrack.Application\ProjectTrack.Application.csproj", "{4C4937F0-241D-429C-A148-B8CE169993AD}"
EndProject
Project("{FAE04EC0-301F-11D3-BF4B-00C04F79EFBC}") = "ProjectTrack.Domain", "ProjectTrack.Domain\ProjectTrack.Domain.csproj", "{9B9CB4B7-A35E-4878-B9C0-C00C71099009}"
EndProject
Project("{FAE04EC0-301F-11D3-BF4B-00C04F79EFBC}") = "ProjectTrack.Infrastructure", "ProjectTrack.Infrastructure\ProjectTrack.Infrastructure.csproj", "{FF493B2E-7B06-4706-830C-CD3D082E2776}"
EndProject
Global
	GlobalSection(SolutionConfigurationPlatforms) = preSolution
		Debug|Any CPU = Debug|Any CPU
		Release|Any CPU = Release|Any CPU
	EndGlobalSection
	GlobalSection(ProjectConfigurationPlatforms) = postSolution
		{2749EDFE-BBC9-4454-9B8F-16E430CB6610}.Debug|Any CPU.ActiveCfg = Debug|Any CPU
		{2749EDFE-BBC9-4454-9B8F-16E430CB6610}.Debug|Any CPU.Build.0 = Debug|Any CPU
		{2749EDFE-BBC9-4454-9B8F-16E430CB6610}.Release|Any CPU.ActiveCfg = Release|Any CPU
		{2749EDFE-BBC9-4454-9B8F-16E430CB6610}.Release|Any CPU.Build.0 = Release|Any CPU
		{4C4937F0-241D-429C-A148-B8CE169993AD}.Debug|Any CPU.ActiveCfg = Debug|Any CPU
		{4C4937F0-241D-429C-A148-B8CE169993AD}.Debug|Any CPU.Build.0 = Debug|Any CPU
		{4C4937F0-241D-429C-A148-B8CE169993AD}.Release|Any CPU.ActiveCfg = Release|Any CPU
		{4C4937F0-241D-429C-A148-B8CE169993AD}.Release|Any CPU.Build.0 = Release|Any CPU
		{9B9CB4B7-A35E-4878-B9C0-C00C71099009}.Debug|Any CPU.ActiveCfg = Debug|Any CPU
		{9B9CB4B7-A35E-4878-B9C0-C00C71099009}.Debug|Any CPU.Build.0 = Debug|Any CPU
		{9B9CB4B7-A35E-4878-B9C0-C00C71099009}.Release|Any CPU.ActiveCfg = Release|Any CPU
		{9B9CB4B7-A35E-4878-B9C0-C00C71099009}.Release|Any CPU.Build.0 = Release|Any CPU
		{FF493B2E-7B06-4706-830C-CD3D082E2776}.Debug|Any CPU.ActiveCfg = Debug|Any CPU
		{FF493B2E-7B06-4706-830C-CD3D082E2776}.Debug|Any CPU.Build.0 = Debug|Any CPU
		{FF493B2E-7B06-4706-830C-CD3D082E2776}.Release|Any CPU.ActiveCfg = Release|Any CPU
		{FF493B2E-7B06-4706-830C-CD3D082E2776}.Release|Any CPU.Build.0 = Release|Any CPU
	EndGlobalSection
EndGlobal
